// !$*UTF8*$!
{
	archiveVersion = 1;
	classes = {
	};
	objectVersion = 56;
	objects = {

/* Begin PBXBuildFile section */
		F20145BE2BDED3CB00C49F91 /* CalculosReservatorios.swift in Sources */ = {isa = PBXBuildFile; fileRef = F20145BD2BDED3CB00C49F91 /* CalculosReservatorios.swift */; };
		F20784012C0508D900AB27A1 /* DetalhesSimulacaoView.swift in Sources */ = {isa = PBXBuildFile; fileRef = F20784002C0508D900AB27A1 /* DetalhesSimulacaoView.swift */; };
		F20784032C050C6700AB27A1 /* LinhaTabelaHorizontal.swift in Sources */ = {isa = PBXBuildFile; fileRef = F20784022C050C6700AB27A1 /* LinhaTabelaHorizontal.swift */; };
		F20784052C05155B00AB27A1 /* View+PaddingSides.swift in Sources */ = {isa = PBXBuildFile; fileRef = F20784042C05155B00AB27A1 /* View+PaddingSides.swift */; };
		F24E13DD2BD8525F00ED1579 /* TCCApp.swift in Sources */ = {isa = PBXBuildFile; fileRef = F24E13DC2BD8525F00ED1579 /* TCCApp.swift */; };
		F24E13DF2BD8525F00ED1579 /* InserirDadosView.swift in Sources */ = {isa = PBXBuildFile; fileRef = F24E13DE2BD8525F00ED1579 /* InserirDadosView.swift */; };
		F24E13E12BD8526000ED1579 /* Assets.xcassets in Resources */ = {isa = PBXBuildFile; fileRef = F24E13E02BD8526000ED1579 /* Assets.xcassets */; };
		F24E13E42BD8526000ED1579 /* Preview Assets.xcassets in Resources */ = {isa = PBXBuildFile; fileRef = F24E13E32BD8526000ED1579 /* Preview Assets.xcassets */; };
		F24E13EB2BD852F200ED1579 /* AnaliseDeViabilidadeView.swift in Sources */ = {isa = PBXBuildFile; fileRef = F24E13EA2BD852F200ED1579 /* AnaliseDeViabilidadeView.swift */; };
		F24E13ED2BD8530200ED1579 /* InformacoesView.swift in Sources */ = {isa = PBXBuildFile; fileRef = F24E13EC2BD8530200ED1579 /* InformacoesView.swift */; };
		F24E13F02BD8545000ED1579 /* MainView.swift in Sources */ = {isa = PBXBuildFile; fileRef = F24E13EF2BD8545000ED1579 /* MainView.swift */; };
		F24E13F22BD8839500ED1579 /* InserirDadosViewModel.swift in Sources */ = {isa = PBXBuildFile; fileRef = F24E13F12BD8839500ED1579 /* InserirDadosViewModel.swift */; };
		F27EDB792BFD727500368CE7 /* OnboardingView.swift in Sources */ = {isa = PBXBuildFile; fileRef = F27EDB782BFD727500368CE7 /* OnboardingView.swift */; };
		F27EDB7D2BFD77D400368CE7 /* Onboarding1View.swift in Sources */ = {isa = PBXBuildFile; fileRef = F27EDB7C2BFD77D400368CE7 /* Onboarding1View.swift */; };
		F27EDB7F2BFD78BE00368CE7 /* Onborading2View.swift in Sources */ = {isa = PBXBuildFile; fileRef = F27EDB7E2BFD78BE00368CE7 /* Onborading2View.swift */; };
		F27EDB812BFD78E300368CE7 /* Onboarding3View.swift in Sources */ = {isa = PBXBuildFile; fileRef = F27EDB802BFD78E300368CE7 /* Onboarding3View.swift */; };
		F27EDB832BFD78ED00368CE7 /* Onboarding4View.swift in Sources */ = {isa = PBXBuildFile; fileRef = F27EDB822BFD78ED00368CE7 /* Onboarding4View.swift */; };
		F283CFC02BFE672A00F5B3BB /* View+GetSize.swift in Sources */ = {isa = PBXBuildFile; fileRef = F283CFBF2BFE672A00F5B3BB /* View+GetSize.swift */; };
		F283CFC42BFFD6C500F5B3BB /* Double+RoundedTwoDecimal.swift in Sources */ = {isa = PBXBuildFile; fileRef = F283CFC32BFFD6C500F5B3BB /* Double+RoundedTwoDecimal.swift */; };
		F295EC272BE55F5F005DAC05 /* CalculoCAPEX.swift in Sources */ = {isa = PBXBuildFile; fileRef = F295EC262BE55F5F005DAC05 /* CalculoCAPEX.swift */; };
		F295EC292BE5680F005DAC05 /* CalculoOPEX.swift in Sources */ = {isa = PBXBuildFile; fileRef = F295EC282BE5680F005DAC05 /* CalculoOPEX.swift */; };
		F295EC2B2BE589BE005DAC05 /* CalculoAnaliseTecnicoEconomica.swift in Sources */ = {isa = PBXBuildFile; fileRef = F295EC2A2BE589BE005DAC05 /* CalculoAnaliseTecnicoEconomica.swift */; };
		F2EA8D9C2C02E66400E48929 /* TableView.swift in Sources */ = {isa = PBXBuildFile; fileRef = F2EA8D9B2C02E66400E48929 /* TableView.swift */; };
/* End PBXBuildFile section */

/* Begin PBXFileReference section */
		F20145BD2BDED3CB00C49F91 /* CalculosReservatorios.swift */ = {isa = PBXFileReference; lastKnownFileType = sourcecode.swift; path = CalculosReservatorios.swift; sourceTree = "<group>"; };
		F20784002C0508D900AB27A1 /* DetalhesSimulacaoView.swift */ = {isa = PBXFileReference; lastKnownFileType = sourcecode.swift; path = DetalhesSimulacaoView.swift; sourceTree = "<group>"; };
		F20784022C050C6700AB27A1 /* LinhaTabelaHorizontal.swift */ = {isa = PBXFileReference; lastKnownFileType = sourcecode.swift; path = LinhaTabelaHorizontal.swift; sourceTree = "<group>"; };
		F20784042C05155B00AB27A1 /* View+PaddingSides.swift */ = {isa = PBXFileReference; lastKnownFileType = sourcecode.swift; path = "View+PaddingSides.swift"; sourceTree = "<group>"; };
		F24E13D92BD8525F00ED1579 /* TCC.app */ = {isa = PBXFileReference; explicitFileType = wrapper.application; includeInIndex = 0; path = TCC.app; sourceTree = BUILT_PRODUCTS_DIR; };
		F24E13DC2BD8525F00ED1579 /* TCCApp.swift */ = {isa = PBXFileReference; lastKnownFileType = sourcecode.swift; path = TCCApp.swift; sourceTree = "<group>"; };
		F24E13DE2BD8525F00ED1579 /* InserirDadosView.swift */ = {isa = PBXFileReference; lastKnownFileType = sourcecode.swift; path = InserirDadosView.swift; sourceTree = "<group>"; };
		F24E13E02BD8526000ED1579 /* Assets.xcassets */ = {isa = PBXFileReference; lastKnownFileType = folder.assetcatalog; path = Assets.xcassets; sourceTree = "<group>"; };
		F24E13E32BD8526000ED1579 /* Preview Assets.xcassets */ = {isa = PBXFileReference; lastKnownFileType = folder.assetcatalog; path = "Preview Assets.xcassets"; sourceTree = "<group>"; };
		F24E13EA2BD852F200ED1579 /* AnaliseDeViabilidadeView.swift */ = {isa = PBXFileReference; lastKnownFileType = sourcecode.swift; path = AnaliseDeViabilidadeView.swift; sourceTree = "<group>"; };
		F24E13EC2BD8530200ED1579 /* InformacoesView.swift */ = {isa = PBXFileReference; lastKnownFileType = sourcecode.swift; path = InformacoesView.swift; sourceTree = "<group>"; };
		F24E13EF2BD8545000ED1579 /* MainView.swift */ = {isa = PBXFileReference; lastKnownFileType = sourcecode.swift; path = MainView.swift; sourceTree = "<group>"; };
		F24E13F12BD8839500ED1579 /* InserirDadosViewModel.swift */ = {isa = PBXFileReference; lastKnownFileType = sourcecode.swift; path = InserirDadosViewModel.swift; sourceTree = "<group>"; };
		F27EDB782BFD727500368CE7 /* OnboardingView.swift */ = {isa = PBXFileReference; lastKnownFileType = sourcecode.swift; path = OnboardingView.swift; sourceTree = "<group>"; };
		F27EDB7C2BFD77D400368CE7 /* Onboarding1View.swift */ = {isa = PBXFileReference; lastKnownFileType = sourcecode.swift; path = Onboarding1View.swift; sourceTree = "<group>"; };
		F27EDB7E2BFD78BE00368CE7 /* Onborading2View.swift */ = {isa = PBXFileReference; lastKnownFileType = sourcecode.swift; path = Onborading2View.swift; sourceTree = "<group>"; };
		F27EDB802BFD78E300368CE7 /* Onboarding3View.swift */ = {isa = PBXFileReference; lastKnownFileType = sourcecode.swift; path = Onboarding3View.swift; sourceTree = "<group>"; };
		F27EDB822BFD78ED00368CE7 /* Onboarding4View.swift */ = {isa = PBXFileReference; lastKnownFileType = sourcecode.swift; path = Onboarding4View.swift; sourceTree = "<group>"; };
		F283CFBF2BFE672A00F5B3BB /* View+GetSize.swift */ = {isa = PBXFileReference; lastKnownFileType = sourcecode.swift; path = "View+GetSize.swift"; sourceTree = "<group>"; };
		F283CFC32BFFD6C500F5B3BB /* Double+RoundedTwoDecimal.swift */ = {isa = PBXFileReference; lastKnownFileType = sourcecode.swift; path = "Double+RoundedTwoDecimal.swift"; sourceTree = "<group>"; };
		F295EC262BE55F5F005DAC05 /* CalculoCAPEX.swift */ = {isa = PBXFileReference; lastKnownFileType = sourcecode.swift; path = CalculoCAPEX.swift; sourceTree = "<group>"; };
		F295EC282BE5680F005DAC05 /* CalculoOPEX.swift */ = {isa = PBXFileReference; lastKnownFileType = sourcecode.swift; path = CalculoOPEX.swift; sourceTree = "<group>"; };
		F295EC2A2BE589BE005DAC05 /* CalculoAnaliseTecnicoEconomica.swift */ = {isa = PBXFileReference; lastKnownFileType = sourcecode.swift; path = CalculoAnaliseTecnicoEconomica.swift; sourceTree = "<group>"; };
		F2EA8D9B2C02E66400E48929 /* TableView.swift */ = {isa = PBXFileReference; lastKnownFileType = sourcecode.swift; path = TableView.swift; sourceTree = "<group>"; };
/* End PBXFileReference section */

/* Begin PBXFrameworksBuildPhase section */
		F24E13D62BD8525F00ED1579 /* Frameworks */ = {
			isa = PBXFrameworksBuildPhase;
			buildActionMask = 2147483647;
			files = (
			);
			runOnlyForDeploymentPostprocessing = 0;
		};
/* End PBXFrameworksBuildPhase section */

/* Begin PBXGroup section */
		F24E13D02BD8525F00ED1579 = {
			isa = PBXGroup;
			children = (
				F24E13DB2BD8525F00ED1579 /* TCC */,
				F24E13DA2BD8525F00ED1579 /* Products */,
			);
			sourceTree = "<group>";
		};
		F24E13DA2BD8525F00ED1579 /* Products */ = {
			isa = PBXGroup;
			children = (
				F24E13D92BD8525F00ED1579 /* TCC.app */,
			);
			name = Products;
			sourceTree = "<group>";
		};
		F24E13DB2BD8525F00ED1579 /* TCC */ = {
			isa = PBXGroup;
			children = (
				F24E13E02BD8526000ED1579 /* Assets.xcassets */,
				F24E13DC2BD8525F00ED1579 /* TCCApp.swift */,
				F295EC252BE55B58005DAC05 /* Models */,
				F292B22C2BE2DFB30037E409 /* ViewModels */,
				F24E13EE2BD8530900ED1579 /* Views */,
				F283CFBE2BFE66EA00F5B3BB /* Extensions */,
				F24E13E22BD8526000ED1579 /* Preview Content */,
			);
			path = TCC;
			sourceTree = "<group>";
		};
		F24E13E22BD8526000ED1579 /* Preview Content */ = {
			isa = PBXGroup;
			children = (
				F24E13E32BD8526000ED1579 /* Preview Assets.xcassets */,
			);
			path = "Preview Content";
			sourceTree = "<group>";
		};
		F24E13EE2BD8530900ED1579 /* Views */ = {
			isa = PBXGroup;
			children = (
				F24E13EF2BD8545000ED1579 /* MainView.swift */,
				F27EDB782BFD727500368CE7 /* OnboardingView.swift */,
				F24E13DE2BD8525F00ED1579 /* InserirDadosView.swift */,
				F24E13EA2BD852F200ED1579 /* AnaliseDeViabilidadeView.swift */,
				F24E13EC2BD8530200ED1579 /* InformacoesView.swift */,
				F20784002C0508D900AB27A1 /* DetalhesSimulacaoView.swift */,
				F2EA8D9D2C02E77600E48929 /* Components */,
			);
			path = Views;
			sourceTree = "<group>";
		};
		F283CFBE2BFE66EA00F5B3BB /* Extensions */ = {
			isa = PBXGroup;
			children = (
				F283CFBF2BFE672A00F5B3BB /* View+GetSize.swift */,
				F20784042C05155B00AB27A1 /* View+PaddingSides.swift */,
				F283CFC32BFFD6C500F5B3BB /* Double+RoundedTwoDecimal.swift */,
			);
			path = Extensions;
			sourceTree = "<group>";
		};
		F292B22C2BE2DFB30037E409 /* ViewModels */ = {
			isa = PBXGroup;
			children = (
				F24E13F12BD8839500ED1579 /* InserirDadosViewModel.swift */,
			);
			path = ViewModels;
			sourceTree = "<group>";
		};
		F295EC252BE55B58005DAC05 /* Models */ = {
			isa = PBXGroup;
			children = (
				F20145BD2BDED3CB00C49F91 /* CalculosReservatorios.swift */,
				F295EC262BE55F5F005DAC05 /* CalculoCAPEX.swift */,
				F295EC282BE5680F005DAC05 /* CalculoOPEX.swift */,
				F295EC2A2BE589BE005DAC05 /* CalculoAnaliseTecnicoEconomica.swift */,
			);
			path = Models;
			sourceTree = "<group>";
		};
		F2EA8D9D2C02E77600E48929 /* Components */ = {
			isa = PBXGroup;
			children = (
				F27EDB7C2BFD77D400368CE7 /* Onboarding1View.swift */,
				F27EDB7E2BFD78BE00368CE7 /* Onborading2View.swift */,
				F20784022C050C6700AB27A1 /* LinhaTabelaHorizontal.swift */,
				F27EDB802BFD78E300368CE7 /* Onboarding3View.swift */,
				F27EDB822BFD78ED00368CE7 /* Onboarding4View.swift */,
				F2EA8D9B2C02E66400E48929 /* TableView.swift */,
			);
			path = Components;
			sourceTree = "<group>";
		};
/* End PBXGroup section */

/* Begin PBXNativeTarget section */
		F24E13D82BD8525F00ED1579 /* TCC */ = {
			isa = PBXNativeTarget;
			buildConfigurationList = F24E13E72BD8526000ED1579 /* Build configuration list for PBXNativeTarget "TCC" */;
			buildPhases = (
				F24E13D52BD8525F00ED1579 /* Sources */,
				F24E13D62BD8525F00ED1579 /* Frameworks */,
				F24E13D72BD8525F00ED1579 /* Resources */,
			);
			buildRules = (
			);
			dependencies = (
			);
			name = TCC;
			productName = TCC;
			productReference = F24E13D92BD8525F00ED1579 /* TCC.app */;
			productType = "com.apple.product-type.application";
		};
/* End PBXNativeTarget section */

/* Begin PBXProject section */
		F24E13D12BD8525F00ED1579 /* Project object */ = {
			isa = PBXProject;
			attributes = {
				BuildIndependentTargetsInParallel = 1;
				LastSwiftUpdateCheck = 1530;
				LastUpgradeCheck = 1530;
				TargetAttributes = {
					F24E13D82BD8525F00ED1579 = {
						CreatedOnToolsVersion = 15.3;
					};
				};
			};
			buildConfigurationList = F24E13D42BD8525F00ED1579 /* Build configuration list for PBXProject "TCC" */;
			compatibilityVersion = "Xcode 14.0";
			developmentRegion = en;
			hasScannedForEncodings = 0;
			knownRegions = (
				en,
				Base,
			);
			mainGroup = F24E13D02BD8525F00ED1579;
			productRefGroup = F24E13DA2BD8525F00ED1579 /* Products */;
			projectDirPath = "";
			projectRoot = "";
			targets = (
				F24E13D82BD8525F00ED1579 /* TCC */,
			);
		};
/* End PBXProject section */

/* Begin PBXResourcesBuildPhase section */
		F24E13D72BD8525F00ED1579 /* Resources */ = {
			isa = PBXResourcesBuildPhase;
			buildActionMask = 2147483647;
			files = (
				F24E13E42BD8526000ED1579 /* Preview Assets.xcassets in Resources */,
				F24E13E12BD8526000ED1579 /* Assets.xcassets in Resources */,
			);
			runOnlyForDeploymentPostprocessing = 0;
		};
/* End PBXResourcesBuildPhase section */

/* Begin PBXSourcesBuildPhase section */
		F24E13D52BD8525F00ED1579 /* Sources */ = {
			isa = PBXSourcesBuildPhase;
			buildActionMask = 2147483647;
			files = (
				F27EDB7D2BFD77D400368CE7 /* Onboarding1View.swift in Sources */,
				F2EA8D9C2C02E66400E48929 /* TableView.swift in Sources */,
				F295EC292BE5680F005DAC05 /* CalculoOPEX.swift in Sources */,
				F20784012C0508D900AB27A1 /* DetalhesSimulacaoView.swift in Sources */,
				F27EDB812BFD78E300368CE7 /* Onboarding3View.swift in Sources */,
				F20784052C05155B00AB27A1 /* View+PaddingSides.swift in Sources */,
				F20784032C050C6700AB27A1 /* LinhaTabelaHorizontal.swift in Sources */,
				F24E13DF2BD8525F00ED1579 /* InserirDadosView.swift in Sources */,
				F295EC272BE55F5F005DAC05 /* CalculoCAPEX.swift in Sources */,
				F24E13F22BD8839500ED1579 /* InserirDadosViewModel.swift in Sources */,
				F24E13EB2BD852F200ED1579 /* AnaliseDeViabilidadeView.swift in Sources */,
				F283CFC02BFE672A00F5B3BB /* View+GetSize.swift in Sources */,
				F27EDB832BFD78ED00368CE7 /* Onboarding4View.swift in Sources */,
				F283CFC42BFFD6C500F5B3BB /* Double+RoundedTwoDecimal.swift in Sources */,
				F24E13ED2BD8530200ED1579 /* InformacoesView.swift in Sources */,
				F24E13F02BD8545000ED1579 /* MainView.swift in Sources */,
				F20145BE2BDED3CB00C49F91 /* CalculosReservatorios.swift in Sources */,
				F27EDB7F2BFD78BE00368CE7 /* Onborading2View.swift in Sources */,
				F27EDB792BFD727500368CE7 /* OnboardingView.swift in Sources */,
				F295EC2B2BE589BE005DAC05 /* CalculoAnaliseTecnicoEconomica.swift in Sources */,
				F24E13DD2BD8525F00ED1579 /* TCCApp.swift in Sources */,
			);
			runOnlyForDeploymentPostprocessing = 0;
		};
/* End PBXSourcesBuildPhase section */

/* Begin XCBuildConfiguration section */
		F24E13E52BD8526000ED1579 /* Debug */ = {
			isa = XCBuildConfiguration;
			buildSettings = {
				ALWAYS_SEARCH_USER_PATHS = NO;
				ASSETCATALOG_COMPILER_GENERATE_SWIFT_ASSET_SYMBOL_EXTENSIONS = YES;
				CLANG_ANALYZER_NONNULL = YES;
				CLANG_ANALYZER_NUMBER_OBJECT_CONVERSION = YES_AGGRESSIVE;
				CLANG_CXX_LANGUAGE_STANDARD = "gnu++20";
				CLANG_ENABLE_MODULES = YES;
				CLANG_ENABLE_OBJC_ARC = YES;
				CLANG_ENABLE_OBJC_WEAK = YES;
				CLANG_WARN_BLOCK_CAPTURE_AUTORELEASING = YES;
				CLANG_WARN_BOOL_CONVERSION = YES;
				CLANG_WARN_COMMA = YES;
				CLANG_WARN_CONSTANT_CONVERSION = YES;
				CLANG_WARN_DEPRECATED_OBJC_IMPLEMENTATIONS = YES;
				CLANG_WARN_DIRECT_OBJC_ISA_USAGE = YES_ERROR;
				CLANG_WARN_DOCUMENTATION_COMMENTS = YES;
				CLANG_WARN_EMPTY_BODY = YES;
				CLANG_WARN_ENUM_CONVERSION = YES;
				CLANG_WARN_INFINITE_RECURSION = YES;
				CLANG_WARN_INT_CONVERSION = YES;
				CLANG_WARN_NON_LITERAL_NULL_CONVERSION = YES;
				CLANG_WARN_OBJC_IMPLICIT_RETAIN_SELF = YES;
				CLANG_WARN_OBJC_LITERAL_CONVERSION = YES;
				CLANG_WARN_OBJC_ROOT_CLASS = YES_ERROR;
				CLANG_WARN_QUOTED_INCLUDE_IN_FRAMEWORK_HEADER = YES;
				CLANG_WARN_RANGE_LOOP_ANALYSIS = YES;
				CLANG_WARN_STRICT_PROTOTYPES = YES;
				CLANG_WARN_SUSPICIOUS_MOVE = YES;
				CLANG_WARN_UNGUARDED_AVAILABILITY = YES_AGGRESSIVE;
				CLANG_WARN_UNREACHABLE_CODE = YES;
				CLANG_WARN__DUPLICATE_METHOD_MATCH = YES;
				COPY_PHASE_STRIP = NO;
				DEBUG_INFORMATION_FORMAT = dwarf;
				ENABLE_STRICT_OBJC_MSGSEND = YES;
				ENABLE_TESTABILITY = YES;
				ENABLE_USER_SCRIPT_SANDBOXING = YES;
				GCC_C_LANGUAGE_STANDARD = gnu17;
				GCC_DYNAMIC_NO_PIC = NO;
				GCC_NO_COMMON_BLOCKS = YES;
				GCC_OPTIMIZATION_LEVEL = 0;
				GCC_PREPROCESSOR_DEFINITIONS = (
					"DEBUG=1",
					"$(inherited)",
				);
				GCC_WARN_64_TO_32_BIT_CONVERSION = YES;
				GCC_WARN_ABOUT_RETURN_TYPE = YES_ERROR;
				GCC_WARN_UNDECLARED_SELECTOR = YES;
				GCC_WARN_UNINITIALIZED_AUTOS = YES_AGGRESSIVE;
				GCC_WARN_UNUSED_FUNCTION = YES;
				GCC_WARN_UNUSED_VARIABLE = YES;
				IPHONEOS_DEPLOYMENT_TARGET = 17.4;
				LOCALIZATION_PREFERS_STRING_CATALOGS = YES;
				MTL_ENABLE_DEBUG_INFO = INCLUDE_SOURCE;
				MTL_FAST_MATH = YES;
				ONLY_ACTIVE_ARCH = YES;
				SDKROOT = iphoneos;
				SWIFT_ACTIVE_COMPILATION_CONDITIONS = "DEBUG $(inherited)";
				SWIFT_OPTIMIZATION_LEVEL = "-Onone";
			};
			name = Debug;
		};
		F24E13E62BD8526000ED1579 /* Release */ = {
			isa = XCBuildConfiguration;
			buildSettings = {
				ALWAYS_SEARCH_USER_PATHS = NO;
				ASSETCATALOG_COMPILER_GENERATE_SWIFT_ASSET_SYMBOL_EXTENSIONS = YES;
				CLANG_ANALYZER_NONNULL = YES;
				CLANG_ANALYZER_NUMBER_OBJECT_CONVERSION = YES_AGGRESSIVE;
				CLANG_CXX_LANGUAGE_STANDARD = "gnu++20";
				CLANG_ENABLE_MODULES = YES;
				CLANG_ENABLE_OBJC_ARC = YES;
				CLANG_ENABLE_OBJC_WEAK = YES;
				CLANG_WARN_BLOCK_CAPTURE_AUTORELEASING = YES;
				CLANG_WARN_BOOL_CONVERSION = YES;
				CLANG_WARN_COMMA = YES;
				CLANG_WARN_CONSTANT_CONVERSION = YES;
				CLANG_WARN_DEPRECATED_OBJC_IMPLEMENTATIONS = YES;
				CLANG_WARN_DIRECT_OBJC_ISA_USAGE = YES_ERROR;
				CLANG_WARN_DOCUMENTATION_COMMENTS = YES;
				CLANG_WARN_EMPTY_BODY = YES;
				CLANG_WARN_ENUM_CONVERSION = YES;
				CLANG_WARN_INFINITE_RECURSION = YES;
				CLANG_WARN_INT_CONVERSION = YES;
				CLANG_WARN_NON_LITERAL_NULL_CONVERSION = YES;
				CLANG_WARN_OBJC_IMPLICIT_RETAIN_SELF = YES;
				CLANG_WARN_OBJC_LITERAL_CONVERSION = YES;
				CLANG_WARN_OBJC_ROOT_CLASS = YES_ERROR;
				CLANG_WARN_QUOTED_INCLUDE_IN_FRAMEWORK_HEADER = YES;
				CLANG_WARN_RANGE_LOOP_ANALYSIS = YES;
				CLANG_WARN_STRICT_PROTOTYPES = YES;
				CLANG_WARN_SUSPICIOUS_MOVE = YES;
				CLANG_WARN_UNGUARDED_AVAILABILITY = YES_AGGRESSIVE;
				CLANG_WARN_UNREACHABLE_CODE = YES;
				CLANG_WARN__DUPLICATE_METHOD_MATCH = YES;
				COPY_PHASE_STRIP = NO;
				DEBUG_INFORMATION_FORMAT = "dwarf-with-dsym";
				ENABLE_NS_ASSERTIONS = NO;
				ENABLE_STRICT_OBJC_MSGSEND = YES;
				ENABLE_USER_SCRIPT_SANDBOXING = YES;
				GCC_C_LANGUAGE_STANDARD = gnu17;
				GCC_NO_COMMON_BLOCKS = YES;
				GCC_WARN_64_TO_32_BIT_CONVERSION = YES;
				GCC_WARN_ABOUT_RETURN_TYPE = YES_ERROR;
				GCC_WARN_UNDECLARED_SELECTOR = YES;
				GCC_WARN_UNINITIALIZED_AUTOS = YES_AGGRESSIVE;
				GCC_WARN_UNUSED_FUNCTION = YES;
				GCC_WARN_UNUSED_VARIABLE = YES;
				IPHONEOS_DEPLOYMENT_TARGET = 17.4;
				LOCALIZATION_PREFERS_STRING_CATALOGS = YES;
				MTL_ENABLE_DEBUG_INFO = NO;
				MTL_FAST_MATH = YES;
				SDKROOT = iphoneos;
				SWIFT_COMPILATION_MODE = wholemodule;
				VALIDATE_PRODUCT = YES;
			};
			name = Release;
		};
		F24E13E82BD8526000ED1579 /* Debug */ = {
			isa = XCBuildConfiguration;
			buildSettings = {
				ASSETCATALOG_COMPILER_APPICON_NAME = AppIcon;
				ASSETCATALOG_COMPILER_GLOBAL_ACCENT_COLOR_NAME = AccentColor;
				CODE_SIGN_STYLE = Automatic;
				CURRENT_PROJECT_VERSION = 1;
				DEVELOPMENT_ASSET_PATHS = "\"TCC/Preview Content\"";
				DEVELOPMENT_TEAM = 8JTQ9M4J69;
				ENABLE_PREVIEWS = YES;
				GENERATE_INFOPLIST_FILE = YES;
				INFOPLIST_KEY_CFBundleDisplayName = "Pluvius Reuso";
				INFOPLIST_KEY_LSApplicationCategoryType = "public.app-category.education";
				INFOPLIST_KEY_UIApplicationSceneManifest_Generation = YES;
				INFOPLIST_KEY_UIApplicationSupportsIndirectInputEvents = YES;
				INFOPLIST_KEY_UILaunchScreen_Generation = YES;
				INFOPLIST_KEY_UIStatusBarStyle = "";
				INFOPLIST_KEY_UISupportedInterfaceOrientations = "UIInterfaceOrientationPortrait UIInterfaceOrientationPortraitUpsideDown";
				IPHONEOS_DEPLOYMENT_TARGET = 17.0;
				LD_RUNPATH_SEARCH_PATHS = (
					"$(inherited)",
					"@executable_path/Frameworks",
				);
				MARKETING_VERSION = 1.0;
				PRODUCT_BUNDLE_IDENTIFIER = com.guilenzolari.TCC;
				PRODUCT_NAME = "$(TARGET_NAME)";
				SUPPORTED_PLATFORMS = "iphoneos iphonesimulator";
				SUPPORTS_MACCATALYST = NO;
				SUPPORTS_MAC_DESIGNED_FOR_IPHONE_IPAD = NO;
				SUPPORTS_XR_DESIGNED_FOR_IPHONE_IPAD = NO;
				SWIFT_EMIT_LOC_STRINGS = YES;
				SWIFT_VERSION = 5.0;
				TARGETED_DEVICE_FAMILY = 1;
			};
			name = Debug;
		};
		F24E13E92BD8526000ED1579 /* Release */ = {
			isa = XCBuildConfiguration;
			buildSettings = {
				ASSETCATALOG_COMPILER_APPICON_NAME = AppIcon;
				ASSETCATALOG_COMPILER_GLOBAL_ACCENT_COLOR_NAME = AccentColor;
				CODE_SIGN_STYLE = Automatic;
				CURRENT_PROJECT_VERSION = 1;
				DEVELOPMENT_ASSET_PATHS = "\"TCC/Preview Content\"";
				DEVELOPMENT_TEAM = 8JTQ9M4J69;
				ENABLE_PREVIEWS = YES;
				GENERATE_INFOPLIST_FILE = YES;
				INFOPLIST_KEY_CFBundleDisplayName = "Pluvius Reuso";
				INFOPLIST_KEY_LSApplicationCategoryType = "public.app-category.education";
				INFOPLIST_KEY_UIApplicationSceneManifest_Generation = YES;
				INFOPLIST_KEY_UIApplicationSupportsIndirectInputEvents = YES;
				INFOPLIST_KEY_UILaunchScreen_Generation = YES;
				INFOPLIST_KEY_UIStatusBarStyle = "";
				INFOPLIST_KEY_UISupportedInterfaceOrientations = "UIInterfaceOrientationPortrait UIInterfaceOrientationPortraitUpsideDown";
				IPHONEOS_DEPLOYMENT_TARGET = 17.0;
				LD_RUNPATH_SEARCH_PATHS = (
					"$(inherited)",
					"@executable_path/Frameworks",
				);
				MARKETING_VERSION = 1.0;
				PRODUCT_BUNDLE_IDENTIFIER = com.guilenzolari.TCC;
				PRODUCT_NAME = "$(TARGET_NAME)";
				SUPPORTED_PLATFORMS = "iphoneos iphonesimulator";
				SUPPORTS_MACCATALYST = NO;
				SUPPORTS_MAC_DESIGNED_FOR_IPHONE_IPAD = NO;
				SUPPORTS_XR_DESIGNED_FOR_IPHONE_IPAD = NO;
				SWIFT_EMIT_LOC_STRINGS = YES;
				SWIFT_VERSION = 5.0;
				TARGETED_DEVICE_FAMILY = 1;
			};
			name = Release;
		};
/* End XCBuildConfiguration section */

/* Begin XCConfigurationList section */
		F24E13D42BD8525F00ED1579 /* Build configuration list for PBXProject "TCC" */ = {
			isa = XCConfigurationList;
			buildConfigurations = (
				F24E13E52BD8526000ED1579 /* Debug */,
				F24E13E62BD8526000ED1579 /* Release */,
			);
			defaultConfigurationIsVisible = 0;
			defaultConfigurationName = Release;
		};
		F24E13E72BD8526000ED1579 /* Build configuration list for PBXNativeTarget "TCC" */ = {
			isa = XCConfigurationList;
			buildConfigurations = (
				F24E13E82BD8526000ED1579 /* Debug */,
				F24E13E92BD8526000ED1579 /* Release */,
			);
			defaultConfigurationIsVisible = 0;
			defaultConfigurationName = Release;
		};
/* End XCConfigurationList section */
	};
	rootObject = F24E13D12BD8525F00ED1579 /* Project object */;
}
